
Microsoft Visual Studio Solution File, Format Version 12.00
# Visual Studio Version 16
VisualStudioVersion = 16.0.29230.47
MinimumVisualStudioVersion = 10.0.40219.1
Project("{FAE04EC0-301F-11D3-BF4B-00C04F79EFBC}") = "AnimeNotification", "AnimeNotification\AnimeNotification.csproj", "{457D0D49-995F-4AF7-9671-A8CF063BBF4C}"
EndProject
Global
	GlobalSection(SolutionConfigurationPlatforms) = preSolution
		Debug|Any CPU = Debug|Any CPU
		Release|Any CPU = Release|Any CPU
	EndGlobalSection
	GlobalSection(ProjectConfigurationPlatforms) = postSolution
		{457D0D49-995F-4AF7-9671-A8CF063BBF4C}.Debug|Any CPU.ActiveCfg = Debug|Any CPU
		{457D0D49-995F-4AF7-9671-A8CF063BBF4C}.Debug|Any CPU.Build.0 = Debug|Any CPU
		{457D0D49-995F-4AF7-9671-A8CF063BBF4C}.Release|Any CPU.ActiveCfg = Release|Any CPU
		{457D0D49-995F-4AF7-9671-A8CF063BBF4C}.Release|Any CPU.Build.0 = Release|Any CPU
	EndGlobalSection
	GlobalSection(SolutionProperties) = preSolution
		HideSolutionNode = FALSE
	EndGlobalSection
	GlobalSection(ExtensibilityGlobals) = postSolution
		SolutionGuid = {3C8D8E84-877D-4831-9F6C-6029BCDE89F3}
	EndGlobalSection
EndGlobal
